
Microsoft Visual Studio Solution File, Format Version 12.00
# Visual Studio Version 17
VisualStudioVersion = 17.10.35122.118
MinimumVisualStudioVersion = 10.0.40219.1
Project("{FAE04EC0-301F-11D3-BF4B-00C04F79EFBC}") = "WebApplication1", "WebApplication1.csproj", "{00DD02BF-35EC-4577-859F-FA2F9D69AB67}"
EndProject
Global
	GlobalSection(SolutionConfigurationPlatforms) = preSolution
		Debug|Any CPU = Debug|Any CPU
		Release|Any CPU = Release|Any CPU
	EndGlobalSection
	GlobalSection(ProjectConfigurationPlatforms) = postSolution
		{00DD02BF-35EC-4577-859F-FA2F9D69AB67}.Debug|Any CPU.ActiveCfg = Debug|Any CPU
		{00DD02BF-35EC-4577-859F-FA2F9D69AB67}.Debug|Any CPU.Build.0 = Debug|Any CPU
		{00DD02BF-35EC-4577-859F-FA2F9D69AB67}.Release|Any CPU.ActiveCfg = Release|Any CPU
		{00DD02BF-35EC-4577-859F-FA2F9D69AB67}.Release|Any CPU.Build.0 = Release|Any CPU
	EndGlobalSection
	GlobalSection(SolutionProperties) = preSolution
		HideSolutionNode = FALSE
	EndGlobalSection
	GlobalSection(ExtensibilityGlobals) = postSolution
		SolutionGuid = {0A0C9D8F-48EA-4138-AABB-64FC098397D9}
	EndGlobalSection
EndGlobal
